
Microsoft Visual Studio Solution File, Format Version 12.00
# Visual Studio 15
VisualStudioVersion = 15.0.28307.106
MinimumVisualStudioVersion = 10.0.40219.1
Project("{E24C65DC-7377-472B-9ABA-BC803B73C61A}") = "Your First ASP.NET Website", "Your First ASP.NET Website\", "{B2FD65AA-0634-4485-9A5F-C18CDA5AA2CA}"
	ProjectSection(WebsiteProperties) = preProject
		TargetFrameworkMoniker = ".NETFramework,Version%3Dv4.5.1"
		Debug.AspNetCompiler.VirtualPath = "/localhost_4140"
		Debug.AspNetCompiler.PhysicalPath = "Your First ASP.NET Website\"
		Debug.AspNetCompiler.TargetPath = "PrecompiledWeb\localhost_4140\"
		Debug.AspNetCompiler.Updateable = "true"
		Debug.AspNetCompiler.ForceOverwrite = "true"
		Debug.AspNetCompiler.FixedNames = "false"
		Debug.AspNetCompiler.Debug = "True"
		Release.AspNetCompiler.VirtualPath = "/localhost_4140"
		Release.AspNetCompiler.PhysicalPath = "Your First ASP.NET Website\"
		Release.AspNetCompiler.TargetPath = "PrecompiledWeb\localhost_4140\"
		Release.AspNetCompiler.Updateable = "true"
		Release.AspNetCompiler.ForceOverwrite = "true"
		Release.AspNetCompiler.FixedNames = "false"
		Release.AspNetCompiler.Debug = "False"
		VWDPort = "4140"
		SlnRelativePath = "Your First ASP.NET Website\"
		DefaultWebSiteLanguage = "Visual Basic"
	EndProjectSection
EndProject
Global
	GlobalSection(SolutionConfigurationPlatforms) = preSolution
		Debug|Any CPU = Debug|Any CPU
	EndGlobalSection
	GlobalSection(ProjectConfigurationPlatforms) = postSolution
		{B2FD65AA-0634-4485-9A5F-C18CDA5AA2CA}.Debug|Any CPU.ActiveCfg = Debug|Any CPU
		{B2FD65AA-0634-4485-9A5F-C18CDA5AA2CA}.Debug|Any CPU.Build.0 = Debug|Any CPU
	EndGlobalSection
	GlobalSection(SolutionProperties) = preSolution
		HideSolutionNode = FALSE
	EndGlobalSection
	GlobalSection(ExtensibilityGlobals) = postSolution
		SolutionGuid = {4164FC23-71FA-4D47-A81D-85393DE57556}
	EndGlobalSection
EndGlobal
